
Microsoft Visual Studio Solution File, Format Version 12.00
# Visual Studio Version 16
VisualStudioVersion = 16.0.31112.23
MinimumVisualStudioVersion = 10.0.40219.1
Project("{FAE04EC0-301F-11D3-BF4B-00C04F79EFBC}") = "BezierEgrisi_4", "BezierEgrisi_4\BezierEgrisi_4.csproj", "{FB3A85E1-B8DD-49E1-836A-36F39538BE14}"
EndProject
Global
	GlobalSection(SolutionConfigurationPlatforms) = preSolution
		Debug|Any CPU = Debug|Any CPU
		Release|Any CPU = Release|Any CPU
	EndGlobalSection
	GlobalSection(ProjectConfigurationPlatforms) = postSolution
		{FB3A85E1-B8DD-49E1-836A-36F39538BE14}.Debug|Any CPU.ActiveCfg = Debug|Any CPU
		{FB3A85E1-B8DD-49E1-836A-36F39538BE14}.Debug|Any CPU.Build.0 = Debug|Any CPU
		{FB3A85E1-B8DD-49E1-836A-36F39538BE14}.Release|Any CPU.ActiveCfg = Release|Any CPU
		{FB3A85E1-B8DD-49E1-836A-36F39538BE14}.Release|Any CPU.Build.0 = Release|Any CPU
	EndGlobalSection
	GlobalSection(SolutionProperties) = preSolution
		HideSolutionNode = FALSE
	EndGlobalSection
	GlobalSection(ExtensibilityGlobals) = postSolution
		SolutionGuid = {0A696A98-6913-40FF-A4B8-6C14CCBCD2FB}
	EndGlobalSection
EndGlobal
